
Microsoft Visual Studio Solution File, Format Version 12.00
# Visual Studio Version 16
VisualStudioVersion = 16.0.29519.87
MinimumVisualStudioVersion = 10.0.40219.1
Project("{FAE04EC0-301F-11D3-BF4B-00C04F79EFBC}") = "GAZT", "GAZT\GAZT\GAZT.csproj", "{9B350CEC-F646-4D16-B1A3-73B40DD7DFE9}"
EndProject
Project("{FAE04EC0-301F-11D3-BF4B-00C04F79EFBC}") = "GAZT.UWP", "GAZT\GAZT.UWP\GAZT.UWP.csproj", "{A6F7011D-ED5E-4A5D-BDD6-10FC450F6A47}"
EndProject
Project("{9344BDBB-3E7F-41FC-A0DD-8665D75EE146}") = "GAZT.Android", "GAZT\GAZT.Android\GAZT.Android.csproj", "{E3F00CA1-2FEA-4BE2-8180-61E8ADDAC59E}"
EndProject
Project("{9344BDBB-3E7F-41FC-A0DD-8665D75EE146}") = "GAZT.iOS", "GAZT\GAZT.iOS\GAZT.iOS.csproj", "{A047AAD0-96F5-4E61-8FD8-6997632C628A}"
EndProject
Global
	GlobalSection(SolutionConfigurationPlatforms) = preSolution
		Ad-Hoc|Any CPU = Ad-Hoc|Any CPU
		Ad-Hoc|ARM = Ad-Hoc|ARM
		Ad-Hoc|iPhone = Ad-Hoc|iPhone
		Ad-Hoc|iPhoneSimulator = Ad-Hoc|iPhoneSimulator
		Ad-Hoc|x64 = Ad-Hoc|x64
		Ad-Hoc|x86 = Ad-Hoc|x86
		AppStore|Any CPU = AppStore|Any CPU
		AppStore|ARM = AppStore|ARM
		AppStore|iPhone = AppStore|iPhone
		AppStore|iPhoneSimulator = AppStore|iPhoneSimulator
		AppStore|x64 = AppStore|x64
		AppStore|x86 = AppStore|x86
		Debug|Any CPU = Debug|Any CPU
		Debug|ARM = Debug|ARM
		Debug|iPhone = Debug|iPhone
		Debug|iPhoneSimulator = Debug|iPhoneSimulator
		Debug|x64 = Debug|x64
		Debug|x86 = Debug|x86
		Release|Any CPU = Release|Any CPU
		Release|ARM = Release|ARM
		Release|iPhone = Release|iPhone
		Release|iPhoneSimulator = Release|iPhoneSimulator
		Release|x64 = Release|x64
		Release|x86 = Release|x86
	EndGlobalSection
	GlobalSection(ProjectConfigurationPlatforms) = postSolution
		{9B350CEC-F646-4D16-B1A3-73B40DD7DFE9}.Ad-Hoc|Any CPU.ActiveCfg = Debug|Any CPU
		{9B350CEC-F646-4D16-B1A3-73B40DD7DFE9}.Ad-Hoc|Any CPU.Build.0 = Debug|Any CPU
		{9B350CEC-F646-4D16-B1A3-73B40DD7DFE9}.Ad-Hoc|Any CPU.Deploy.0 = Debug|Any CPU
		{9B350CEC-F646-4D16-B1A3-73B40DD7DFE9}.Ad-Hoc|ARM.ActiveCfg = Debug|Any CPU
		{9B350CEC-F646-4D16-B1A3-73B40DD7DFE9}.Ad-Hoc|ARM.Build.0 = Debug|Any CPU
		{9B350CEC-F646-4D16-B1A3-73B40DD7DFE9}.Ad-Hoc|ARM.Deploy.0 = Debug|Any CPU
		{9B350CEC-F646-4D16-B1A3-73B40DD7DFE9}.Ad-Hoc|iPhone.ActiveCfg = Debug|Any CPU
		{9B350CEC-F646-4D16-B1A3-73B40DD7DFE9}.Ad-Hoc|iPhone.Build.0 = Debug|Any CPU
		{9B350CEC-F646-4D16-B1A3-73B40DD7DFE9}.Ad-Hoc|iPhone.Deploy.0 = Debug|Any CPU
		{9B350CEC-F646-4D16-B1A3-73B40DD7DFE9}.Ad-Hoc|iPhoneSimulator.ActiveCfg = Debug|Any CPU
		{9B350CEC-F646-4D16-B1A3-73B40DD7DFE9}.Ad-Hoc|iPhoneSimulator.Build.0 = Debug|Any CPU
		{9B350CEC-F646-4D16-B1A3-73B40DD7DFE9}.Ad-Hoc|iPhoneSimulator.Deploy.0 = Debug|Any CPU
		{9B350CEC-F646-4D16-B1A3-73B40DD7DFE9}.Ad-Hoc|x64.ActiveCfg = Debug|Any CPU
		{9B350CEC-F646-4D16-B1A3-73B40DD7DFE9}.Ad-Hoc|x64.Build.0 = Debug|Any CPU
		{9B350CEC-F646-4D16-B1A3-73B40DD7DFE9}.Ad-Hoc|x64.Deploy.0 = Debug|Any CPU
		{9B350CEC-F646-4D16-B1A3-73B40DD7DFE9}.Ad-Hoc|x86.ActiveCfg = Debug|Any CPU
		{9B350CEC-F646-4D16-B1A3-73B40DD7DFE9}.Ad-Hoc|x86.Build.0 = Debug|Any CPU
		{9B350CEC-F646-4D16-B1A3-73B40DD7DFE9}.Ad-Hoc|x86.Deploy.0 = Debug|Any CPU
		{9B350CEC-F646-4D16-B1A3-73B40DD7DFE9}.AppStore|Any CPU.ActiveCfg = Debug|Any CPU
		{9B350CEC-F646-4D16-B1A3-73B40DD7DFE9}.AppStore|Any CPU.Build.0 = Debug|Any CPU
		{9B350CEC-F646-4D16-B1A3-73B40DD7DFE9}.AppStore|Any CPU.Deploy.0 = Debug|Any CPU
		{9B350CEC-F646-4D16-B1A3-73B40DD7DFE9}.AppStore|ARM.ActiveCfg = Debug|Any CPU
		{9B350CEC-F646-4D16-B1A3-73B40DD7DFE9}.AppStore|ARM.Build.0 = Debug|Any CPU
		{9B350CEC-F646-4D16-B1A3-73B40DD7DFE9}.AppStore|ARM.Deploy.0 = Debug|Any CPU
		{9B350CEC-F646-4D16-B1A3-73B40DD7DFE9}.AppStore|iPhone.ActiveCfg = Debug|Any CPU
		{9B350CEC-F646-4D16-B1A3-73B40DD7DFE9}.AppStore|iPhone.Build.0 = Debug|Any CPU
		{9B350CEC-F646-4D16-B1A3-73B40DD7DFE9}.AppStore|iPhone.Deploy.0 = Debug|Any CPU
		{9B350CEC-F646-4D16-B1A3-73B40DD7DFE9}.AppStore|iPhoneSimulator.ActiveCfg = Debug|Any CPU
		{9B350CEC-F646-4D16-B1A3-73B40DD7DFE9}.AppStore|iPhoneSimulator.Build.0 = Debug|Any CPU
		{9B350CEC-F646-4D16-B1A3-73B40DD7DFE9}.AppStore|iPhoneSimulator.Deploy.0 = Debug|Any CPU
		{9B350CEC-F646-4D16-B1A3-73B40DD7DFE9}.AppStore|x64.ActiveCfg = Debug|Any CPU
		{9B350CEC-F646-4D16-B1A3-73B40DD7DFE9}.AppStore|x64.Build.0 = Debug|Any CPU
		{9B350CEC-F646-4D16-B1A3-73B40DD7DFE9}.AppStore|x64.Deploy.0 = Debug|Any CPU
		{9B350CEC-F646-4D16-B1A3-73B40DD7DFE9}.AppStore|x86.ActiveCfg = Debug|Any CPU
		{9B350CEC-F646-4D16-B1A3-73B40DD7DFE9}.AppStore|x86.Build.0 = Debug|Any CPU
		{9B350CEC-F646-4D16-B1A3-73B40DD7DFE9}.AppStore|x86.Deploy.0 = Debug|Any CPU
		{9B350CEC-F646-4D16-B1A3-73B40DD7DFE9}.Debug|Any CPU.ActiveCfg = Debug|Any CPU
		{9B350CEC-F646-4D16-B1A3-73B40DD7DFE9}.Debug|Any CPU.Build.0 = Debug|Any CPU
		{9B350CEC-F646-4D16-B1A3-73B40DD7DFE9}.Debug|Any CPU.Deploy.0 = Debug|Any CPU
		{9B350CEC-F646-4D16-B1A3-73B40DD7DFE9}.Debug|ARM.ActiveCfg = Debug|Any CPU
		{9B350CEC-F646-4D16-B1A3-73B40DD7DFE9}.Debug|ARM.Build.0 = Debug|Any CPU
		{9B350CEC-F646-4D16-B1A3-73B40DD7DFE9}.Debug|ARM.Deploy.0 = Debug|Any CPU
		{9B350CEC-F646-4D16-B1A3-73B40DD7DFE9}.Debug|iPhone.ActiveCfg = Debug|Any CPU
		{9B350CEC-F646-4D16-B1A3-73B40DD7DFE9}.Debug|iPhone.Build.0 = Debug|Any CPU
		{9B350CEC-F646-4D16-B1A3-73B40DD7DFE9}.Debug|iPhone.Deploy.0 = Debug|Any CPU
		{9B350CEC-F646-4D16-B1A3-73B40DD7DFE9}.Debug|iPhoneSimulator.ActiveCfg = Debug|Any CPU
		{9B350CEC-F646-4D16-B1A3-73B40DD7DFE9}.Debug|iPhoneSimulator.Build.0 = Debug|Any CPU
		{9B350CEC-F646-4D16-B1A3-73B40DD7DFE9}.Debug|iPhoneSimulator.Deploy.0 = Debug|Any CPU
		{9B350CEC-F646-4D16-B1A3-73B40DD7DFE9}.Debug|x64.ActiveCfg = Debug|Any CPU
		{9B350CEC-F646-4D16-B1A3-73B40DD7DFE9}.Debug|x64.Build.0 = Debug|Any CPU
		{9B350CEC-F646-4D16-B1A3-73B40DD7DFE9}.Debug|x64.Deploy.0 = Debug|Any CPU
		{9B350CEC-F646-4D16-B1A3-73B40DD7DFE9}.Debug|x86.ActiveCfg = Debug|Any CPU
		{9B350CEC-F646-4D16-B1A3-73B40DD7DFE9}.Debug|x86.Build.0 = Debug|Any CPU
		{9B350CEC-F646-4D16-B1A3-73B40DD7DFE9}.Debug|x86.Deploy.0 = Debug|Any CPU
		{9B350CEC-F646-4D16-B1A3-73B40DD7DFE9}.Release|Any CPU.ActiveCfg = Release|Any CPU
		{9B350CEC-F646-4D16-B1A3-73B40DD7DFE9}.Release|Any CPU.Build.0 = Release|Any CPU
		{9B350CEC-F646-4D16-B1A3-73B40DD7DFE9}.Release|Any CPU.Deploy.0 = Release|Any CPU
		{9B350CEC-F646-4D16-B1A3-73B40DD7DFE9}.Release|ARM.ActiveCfg = Release|Any CPU
		{9B350CEC-F646-4D16-B1A3-73B40DD7DFE9}.Release|ARM.Build.0 = Release|Any CPU
		{9B350CEC-F646-4D16-B1A3-73B40DD7DFE9}.Release|ARM.Deploy.0 = Release|Any CPU
		{9B350CEC-F646-4D16-B1A3-73B40DD7DFE9}.Release|iPhone.ActiveCfg = Release|Any CPU
		{9B350CEC-F646-4D16-B1A3-73B40DD7DFE9}.Release|iPhone.Build.0 = Release|Any CPU
		{9B350CEC-F646-4D16-B1A3-73B40DD7DFE9}.Release|iPhone.Deploy.0 = Release|Any CPU
		{9B350CEC-F646-4D16-B1A3-73B40DD7DFE9}.Release|iPhoneSimulator.ActiveCfg = Release|Any CPU
		{9B350CEC-F646-4D16-B1A3-73B40DD7DFE9}.Release|iPhoneSimulator.Build.0 = Release|Any CPU
		{9B350CEC-F646-4D16-B1A3-73B40DD7DFE9}.Release|iPhoneSimulator.Deploy.0 = Release|Any CPU
		{9B350CEC-F646-4D16-B1A3-73B40DD7DFE9}.Release|x64.ActiveCfg = Release|Any CPU
		{9B350CEC-F646-4D16-B1A3-73B40DD7DFE9}.Release|x64.Build.0 = Release|Any CPU
		{9B350CEC-F646-4D16-B1A3-73B40DD7DFE9}.Release|x64.Deploy.0 = Release|Any CPU
		{9B350CEC-F646-4D16-B1A3-73B40DD7DFE9}.Release|x86.ActiveCfg = Release|Any CPU
		{9B350CEC-F646-4D16-B1A3-73B40DD7DFE9}.Release|x86.Build.0 = Release|Any CPU
		{9B350CEC-F646-4D16-B1A3-73B40DD7DFE9}.Release|x86.Deploy.0 = Release|Any CPU
		{A6F7011D-ED5E-4A5D-BDD6-10FC450F6A47}.Ad-Hoc|Any CPU.ActiveCfg = Release|x86
		{A6F7011D-ED5E-4A5D-BDD6-10FC450F6A47}.Ad-Hoc|Any CPU.Build.0 = Release|x86
		{A6F7011D-ED5E-4A5D-BDD6-10FC450F6A47}.Ad-Hoc|Any CPU.Deploy.0 = Release|x86
		{A6F7011D-ED5E-4A5D-BDD6-10FC450F6A47}.Ad-Hoc|ARM.ActiveCfg = Release|ARM
		{A6F7011D-ED5E-4A5D-BDD6-10FC450F6A47}.Ad-Hoc|ARM.Build.0 = Release|ARM
		{A6F7011D-ED5E-4A5D-BDD6-10FC450F6A47}.Ad-Hoc|ARM.Deploy.0 = Release|ARM
		{A6F7011D-ED5E-4A5D-BDD6-10FC450F6A47}.Ad-Hoc|iPhone.ActiveCfg = Release|x86
		{A6F7011D-ED5E-4A5D-BDD6-10FC450F6A47}.Ad-Hoc|iPhone.Build.0 = Release|x86
		{A6F7011D-ED5E-4A5D-BDD6-10FC450F6A47}.Ad-Hoc|iPhone.Deploy.0 = Release|x86
		{A6F7011D-ED5E-4A5D-BDD6-10FC450F6A47}.Ad-Hoc|iPhoneSimulator.ActiveCfg = Release|x86
		{A6F7011D-ED5E-4A5D-BDD6-10FC450F6A47}.Ad-Hoc|iPhoneSimulator.Build.0 = Release|x86
		{A6F7011D-ED5E-4A5D-BDD6-10FC450F6A47}.Ad-Hoc|iPhoneSimulator.Deploy.0 = Release|x86
		{A6F7011D-ED5E-4A5D-BDD6-10FC450F6A47}.Ad-Hoc|x64.ActiveCfg = Release|x64
		{A6F7011D-ED5E-4A5D-BDD6-10FC450F6A47}.Ad-Hoc|x64.Build.0 = Release|x64
		{A6F7011D-ED5E-4A5D-BDD6-10FC450F6A47}.Ad-Hoc|x64.Deploy.0 = Release|x64
		{A6F7011D-ED5E-4A5D-BDD6-10FC450F6A47}.Ad-Hoc|x86.ActiveCfg = Release|x86
		{A6F7011D-ED5E-4A5D-BDD6-10FC450F6A47}.Ad-Hoc|x86.Build.0 = Release|x86
		{A6F7011D-ED5E-4A5D-BDD6-10FC450F6A47}.Ad-Hoc|x86.Deploy.0 = Release|x86
		{A6F7011D-ED5E-4A5D-BDD6-10FC450F6A47}.AppStore|Any CPU.ActiveCfg = Release|x86
		{A6F7011D-ED5E-4A5D-BDD6-10FC450F6A47}.AppStore|Any CPU.Build.0 = Release|x86
		{A6F7011D-ED5E-4A5D-BDD6-10FC450F6A47}.AppStore|Any CPU.Deploy.0 = Release|x86
		{A6F7011D-ED5E-4A5D-BDD6-10FC450F6A47}.AppStore|ARM.ActiveCfg = Release|ARM
		{A6F7011D-ED5E-4A5D-BDD6-10FC450F6A47}.AppStore|ARM.Build.0 = Release|ARM
		{A6F7011D-ED5E-4A5D-BDD6-10FC450F6A47}.AppStore|ARM.Deploy.0 = Release|ARM
		{A6F7011D-ED5E-4A5D-BDD6-10FC450F6A47}.AppStore|iPhone.ActiveCfg = Release|x86
		{A6F7011D-ED5E-4A5D-BDD6-10FC450F6A47}.AppStore|iPhone.Build.0 = Release|x86
		{A6F7011D-ED5E-4A5D-BDD6-10FC450F6A47}.AppStore|iPhone.Deploy.0 = Release|x86
		{A6F7011D-ED5E-4A5D-BDD6-10FC450F6A47}.AppStore|iPhoneSimulator.ActiveCfg = Release|x86
		{A6F7011D-ED5E-4A5D-BDD6-10FC450F6A47}.AppStore|iPhoneSimulator.Build.0 = Release|x86
		{A6F7011D-ED5E-4A5D-BDD6-10FC450F6A47}.AppStore|iPhoneSimulator.Deploy.0 = Release|x86
		{A6F7011D-ED5E-4A5D-BDD6-10FC450F6A47}.AppStore|x64.ActiveCfg = Release|x64
		{A6F7011D-ED5E-4A5D-BDD6-10FC450F6A47}.AppStore|x64.Build.0 = Release|x64
		{A6F7011D-ED5E-4A5D-BDD6-10FC450F6A47}.AppStore|x64.Deploy.0 = Release|x64
		{A6F7011D-ED5E-4A5D-BDD6-10FC450F6A47}.AppStore|x86.ActiveCfg = Release|x86
		{A6F7011D-ED5E-4A5D-BDD6-10FC450F6A47}.AppStore|x86.Build.0 = Release|x86
		{A6F7011D-ED5E-4A5D-BDD6-10FC450F6A47}.AppStore|x86.Deploy.0 = Release|x86
		{A6F7011D-ED5E-4A5D-BDD6-10FC450F6A47}.Debug|Any CPU.ActiveCfg = Debug|x86
		{A6F7011D-ED5E-4A5D-BDD6-10FC450F6A47}.Debug|Any CPU.Build.0 = Debug|x86
		{A6F7011D-ED5E-4A5D-BDD6-10FC450F6A47}.Debug|Any CPU.Deploy.0 = Debug|x86
		{A6F7011D-ED5E-4A5D-BDD6-10FC450F6A47}.Debug|ARM.ActiveCfg = Debug|ARM
		{A6F7011D-ED5E-4A5D-BDD6-10FC450F6A47}.Debug|ARM.Build.0 = Debug|ARM
		{A6F7011D-ED5E-4A5D-BDD6-10FC450F6A47}.Debug|ARM.Deploy.0 = Debug|ARM
		{A6F7011D-ED5E-4A5D-BDD6-10FC450F6A47}.Debug|iPhone.ActiveCfg = Debug|x86
		{A6F7011D-ED5E-4A5D-BDD6-10FC450F6A47}.Debug|iPhone.Build.0 = Debug|x86
		{A6F7011D-ED5E-4A5D-BDD6-10FC450F6A47}.Debug|iPhone.Deploy.0 = Debug|x86
		{A6F7011D-ED5E-4A5D-BDD6-10FC450F6A47}.Debug|iPhoneSimulator.ActiveCfg = Debug|x86
		{A6F7011D-ED5E-4A5D-BDD6-10FC450F6A47}.Debug|iPhoneSimulator.Build.0 = Debug|x86
		{A6F7011D-ED5E-4A5D-BDD6-10FC450F6A47}.Debug|iPhoneSimulator.Deploy.0 = Debug|x86
		{A6F7011D-ED5E-4A5D-BDD6-10FC450F6A47}.Debug|x64.ActiveCfg = Debug|x64
		{A6F7011D-ED5E-4A5D-BDD6-10FC450F6A47}.Debug|x64.Build.0 = Debug|x64
		{A6F7011D-ED5E-4A5D-BDD6-10FC450F6A47}.Debug|x64.Deploy.0 = Debug|x64
		{A6F7011D-ED5E-4A5D-BDD6-10FC450F6A47}.Debug|x86.ActiveCfg = Debug|x86
		{A6F7011D-ED5E-4A5D-BDD6-10FC450F6A47}.Debug|x86.Build.0 = Debug|x86
		{A6F7011D-ED5E-4A5D-BDD6-10FC450F6A47}.Debug|x86.Deploy.0 = Debug|x86
		{A6F7011D-ED5E-4A5D-BDD6-10FC450F6A47}.Release|Any CPU.ActiveCfg = Release|x86
		{A6F7011D-ED5E-4A5D-BDD6-10FC450F6A47}.Release|Any CPU.Build.0 = Release|x86
		{A6F7011D-ED5E-4A5D-BDD6-10FC450F6A47}.Release|Any CPU.Deploy.0 = Release|x86
		{A6F7011D-ED5E-4A5D-BDD6-10FC450F6A47}.Release|ARM.ActiveCfg = Release|ARM
		{A6F7011D-ED5E-4A5D-BDD6-10FC450F6A47}.Release|ARM.Build.0 = Release|ARM
		{A6F7011D-ED5E-4A5D-BDD6-10FC450F6A47}.Release|ARM.Deploy.0 = Release|ARM
		{A6F7011D-ED5E-4A5D-BDD6-10FC450F6A47}.Release|iPhone.ActiveCfg = Release|x86
		{A6F7011D-ED5E-4A5D-BDD6-10FC450F6A47}.Release|iPhone.Build.0 = Release|x86
		{A6F7011D-ED5E-4A5D-BDD6-10FC450F6A47}.Release|iPhone.Deploy.0 = Release|x86
		{A6F7011D-ED5E-4A5D-BDD6-10FC450F6A47}.Release|iPhoneSimulator.ActiveCfg = Release|x86
		{A6F7011D-ED5E-4A5D-BDD6-10FC450F6A47}.Release|iPhoneSimulator.Build.0 = Release|x86
		{A6F7011D-ED5E-4A5D-BDD6-10FC450F6A47}.Release|iPhoneSimulator.Deploy.0 = Release|x86
		{A6F7011D-ED5E-4A5D-BDD6-10FC450F6A47}.Release|x64.ActiveCfg = Release|x64
		{A6F7011D-ED5E-4A5D-BDD6-10FC450F6A47}.Release|x64.Build.0 = Release|x64
		{A6F7011D-ED5E-4A5D-BDD6-10FC450F6A47}.Release|x64.Deploy.0 = Release|x64
		{A6F7011D-ED5E-4A5D-BDD6-10FC450F6A47}.Release|x86.ActiveCfg = Release|x86
		{A6F7011D-ED5E-4A5D-BDD6-10FC450F6A47}.Release|x86.Build.0 = Release|x86
		{A6F7011D-ED5E-4A5D-BDD6-10FC450F6A47}.Release|x86.Deploy.0 = Release|x86
		{E3F00CA1-2FEA-4BE2-8180-61E8ADDAC59E}.Ad-Hoc|Any CPU.ActiveCfg = Release|Any CPU
		{E3F00CA1-2FEA-4BE2-8180-61E8ADDAC59E}.Ad-Hoc|Any CPU.Build.0 = Release|Any CPU
		{E3F00CA1-2FEA-4BE2-8180-61E8ADDAC59E}.Ad-Hoc|Any CPU.Deploy.0 = Release|Any CPU
		{E3F00CA1-2FEA-4BE2-8180-61E8ADDAC59E}.Ad-Hoc|ARM.ActiveCfg = Release|Any CPU
		{E3F00CA1-2FEA-4BE2-8180-61E8ADDAC59E}.Ad-Hoc|ARM.Build.0 = Release|Any CPU
		{E3F00CA1-2FEA-4BE2-8180-61E8ADDAC59E}.Ad-Hoc|ARM.Deploy.0 = Release|Any CPU
		{E3F00CA1-2FEA-4BE2-8180-61E8ADDAC59E}.Ad-Hoc|iPhone.ActiveCfg = Release|Any CPU
		{E3F00CA1-2FEA-4BE2-8180-61E8ADDAC59E}.Ad-Hoc|iPhone.Build.0 = Release|Any CPU
		{E3F00CA1-2FEA-4BE2-8180-61E8ADDAC59E}.Ad-Hoc|iPhone.Deploy.0 = Release|Any CPU
		{E3F00CA1-2FEA-4BE2-8180-61E8ADDAC59E}.Ad-Hoc|iPhoneSimulator.ActiveCfg = Release|Any CPU
		{E3F00CA1-2FEA-4BE2-8180-61E8ADDAC59E}.Ad-Hoc|iPhoneSimulator.Build.0 = Release|Any CPU
		{E3F00CA1-2FEA-4BE2-8180-61E8ADDAC59E}.Ad-Hoc|iPhoneSimulator.Deploy.0 = Release|Any CPU
		{E3F00CA1-2FEA-4BE2-8180-61E8ADDAC59E}.Ad-Hoc|x64.ActiveCfg = Release|Any CPU
		{E3F00CA1-2FEA-4BE2-8180-61E8ADDAC59E}.Ad-Hoc|x64.Build.0 = Release|Any CPU
		{E3F00CA1-2FEA-4BE2-8180-61E8ADDAC59E}.Ad-Hoc|x64.Deploy.0 = Release|Any CPU
		{E3F00CA1-2FEA-4BE2-8180-61E8ADDAC59E}.Ad-Hoc|x86.ActiveCfg = Release|Any CPU
		{E3F00CA1-2FEA-4BE2-8180-61E8ADDAC59E}.Ad-Hoc|x86.Build.0 = Release|Any CPU
		{E3F00CA1-2FEA-4BE2-8180-61E8ADDAC59E}.Ad-Hoc|x86.Deploy.0 = Release|Any CPU
		{E3F00CA1-2FEA-4BE2-8180-61E8ADDAC59E}.AppStore|Any CPU.ActiveCfg = Release|Any CPU
		{E3F00CA1-2FEA-4BE2-8180-61E8ADDAC59E}.AppStore|Any CPU.Build.0 = Release|Any CPU
		{E3F00CA1-2FEA-4BE2-8180-61E8ADDAC59E}.AppStore|Any CPU.Deploy.0 = Release|Any CPU
		{E3F00CA1-2FEA-4BE2-8180-61E8ADDAC59E}.AppStore|ARM.ActiveCfg = Release|Any CPU
		{E3F00CA1-2FEA-4BE2-8180-61E8ADDAC59E}.AppStore|ARM.Build.0 = Release|Any CPU
		{E3F00CA1-2FEA-4BE2-8180-61E8ADDAC59E}.AppStore|ARM.Deploy.0 = Release|Any CPU
		{E3F00CA1-2FEA-4BE2-8180-61E8ADDAC59E}.AppStore|iPhone.ActiveCfg = Release|Any CPU
		{E3F00CA1-2FEA-4BE2-8180-61E8ADDAC59E}.AppStore|iPhone.Build.0 = Release|Any CPU
		{E3F00CA1-2FEA-4BE2-8180-61E8ADDAC59E}.AppStore|iPhone.Deploy.0 = Release|Any CPU
		{E3F00CA1-2FEA-4BE2-8180-61E8ADDAC59E}.AppStore|iPhoneSimulator.ActiveCfg = Release|Any CPU
		{E3F00CA1-2FEA-4BE2-8180-61E8ADDAC59E}.AppStore|iPhoneSimulator.Build.0 = Release|Any CPU
		{E3F00CA1-2FEA-4BE2-8180-61E8ADDAC59E}.AppStore|iPhoneSimulator.Deploy.0 = Release|Any CPU
		{E3F00CA1-2FEA-4BE2-8180-61E8ADDAC59E}.AppStore|x64.ActiveCfg = Release|Any CPU
		{E3F00CA1-2FEA-4BE2-8180-61E8ADDAC59E}.AppStore|x64.Build.0 = Release|Any CPU
		{E3F00CA1-2FEA-4BE2-8180-61E8ADDAC59E}.AppStore|x64.Deploy.0 = Release|Any CPU
		{E3F00CA1-2FEA-4BE2-8180-61E8ADDAC59E}.AppStore|x86.ActiveCfg = Release|Any CPU
		{E3F00CA1-2FEA-4BE2-8180-61E8ADDAC59E}.AppStore|x86.Build.0 = Release|Any CPU
		{E3F00CA1-2FEA-4BE2-8180-61E8ADDAC59E}.AppStore|x86.Deploy.0 = Release|Any CPU
		{E3F00CA1-2FEA-4BE2-8180-61E8ADDAC59E}.Debug|Any CPU.ActiveCfg = Debug|Any CPU
		{E3F00CA1-2FEA-4BE2-8180-61E8ADDAC59E}.Debug|Any CPU.Build.0 = Debug|Any CPU
		{E3F00CA1-2FEA-4BE2-8180-61E8ADDAC59E}.Debug|Any CPU.Deploy.0 = Debug|Any CPU
		{E3F00CA1-2FEA-4BE2-8180-61E8ADDAC59E}.Debug|ARM.ActiveCfg = Debug|Any CPU
		{E3F00CA1-2FEA-4BE2-8180-61E8ADDAC59E}.Debug|ARM.Build.0 = Debug|Any CPU
		{E3F00CA1-2FEA-4BE2-8180-61E8ADDAC59E}.Debug|ARM.Deploy.0 = Debug|Any CPU
		{E3F00CA1-2FEA-4BE2-8180-61E8ADDAC59E}.Debug|iPhone.ActiveCfg = Debug|Any CPU
		{E3F00CA1-2FEA-4BE2-8180-61E8ADDAC59E}.Debug|iPhone.Build.0 = Debug|Any CPU
		{E3F00CA1-2FEA-4BE2-8180-61E8ADDAC59E}.Debug|iPhone.Deploy.0 = Debug|Any CPU
		{E3F00CA1-2FEA-4BE2-8180-61E8ADDAC59E}.Debug|iPhoneSimulator.ActiveCfg = Debug|Any CPU
		{E3F00CA1-2FEA-4BE2-8180-61E8ADDAC59E}.Debug|iPhoneSimulator.Build.0 = Debug|Any CPU
		{E3F00CA1-2FEA-4BE2-8180-61E8ADDAC59E}.Debug|iPhoneSimulator.Deploy.0 = Debug|Any CPU
		{E3F00CA1-2FEA-4BE2-8180-61E8ADDAC59E}.Debug|x64.ActiveCfg = Debug|Any CPU
		{E3F00CA1-2FEA-4BE2-8180-61E8ADDAC59E}.Debug|x64.Build.0 = Debug|Any CPU
		{E3F00CA1-2FEA-4BE2-8180-61E8ADDAC59E}.Debug|x64.Deploy.0 = Debug|Any CPU
		{E3F00CA1-2FEA-4BE2-8180-61E8ADDAC59E}.Debug|x86.ActiveCfg = Debug|Any CPU
		{E3F00CA1-2FEA-4BE2-8180-61E8ADDAC59E}.Debug|x86.Build.0 = Debug|Any CPU
		{E3F00CA1-2FEA-4BE2-8180-61E8ADDAC59E}.Debug|x86.Deploy.0 = Debug|Any CPU
		{E3F00CA1-2FEA-4BE2-8180-61E8ADDAC59E}.Release|Any CPU.ActiveCfg = Release|Any CPU
		{E3F00CA1-2FEA-4BE2-8180-61E8ADDAC59E}.Release|Any CPU.Build.0 = Release|Any CPU
		{E3F00CA1-2FEA-4BE2-8180-61E8ADDAC59E}.Release|Any CPU.Deploy.0 = Release|Any CPU
		{E3F00CA1-2FEA-4BE2-8180-61E8ADDAC59E}.Release|ARM.ActiveCfg = Release|Any CPU
		{E3F00CA1-2FEA-4BE2-8180-61E8ADDAC59E}.Release|ARM.Build.0 = Release|Any CPU
		{E3F00CA1-2FEA-4BE2-8180-61E8ADDAC59E}.Release|ARM.Deploy.0 = Release|Any CPU
		{E3F00CA1-2FEA-4BE2-8180-61E8ADDAC59E}.Release|iPhone.ActiveCfg = Release|Any CPU
		{E3F00CA1-2FEA-4BE2-8180-61E8ADDAC59E}.Release|iPhone.Build.0 = Release|Any CPU
		{E3F00CA1-2FEA-4BE2-8180-61E8ADDAC59E}.Release|iPhone.Deploy.0 = Release|Any CPU
		{E3F00CA1-2FEA-4BE2-8180-61E8ADDAC59E}.Release|iPhoneSimulator.ActiveCfg = Release|Any CPU
		{E3F00CA1-2FEA-4BE2-8180-61E8ADDAC59E}.Release|iPhoneSimulator.Build.0 = Release|Any CPU
		{E3F00CA1-2FEA-4BE2-8180-61E8ADDAC59E}.Release|iPhoneSimulator.Deploy.0 = Release|Any CPU
		{E3F00CA1-2FEA-4BE2-8180-61E8ADDAC59E}.Release|x64.ActiveCfg = Release|Any CPU
		{E3F00CA1-2FEA-4BE2-8180-61E8ADDAC59E}.Release|x64.Build.0 = Release|Any CPU
		{E3F00CA1-2FEA-4BE2-8180-61E8ADDAC59E}.Release|x64.Deploy.0 = Release|Any CPU
		{E3F00CA1-2FEA-4BE2-8180-61E8ADDAC59E}.Release|x86.ActiveCfg = Release|Any CPU
		{E3F00CA1-2FEA-4BE2-8180-61E8ADDAC59E}.Release|x86.Build.0 = Release|Any CPU
		{E3F00CA1-2FEA-4BE2-8180-61E8ADDAC59E}.Release|x86.Deploy.0 = Release|Any CPU
		{A047AAD0-96F5-4E61-8FD8-6997632C628A}.Ad-Hoc|Any CPU.ActiveCfg = Ad-Hoc|iPhone
		{A047AAD0-96F5-4E61-8FD8-6997632C628A}.Ad-Hoc|ARM.ActiveCfg = Ad-Hoc|iPhone
		{A047AAD0-96F5-4E61-8FD8-6997632C628A}.Ad-Hoc|iPhone.ActiveCfg = Ad-Hoc|iPhone
		{A047AAD0-96F5-4E61-8FD8-6997632C628A}.Ad-Hoc|iPhone.Build.0 = Ad-Hoc|iPhone
		{A047AAD0-96F5-4E61-8FD8-6997632C628A}.Ad-Hoc|iPhoneSimulator.ActiveCfg = Ad-Hoc|iPhoneSimulator
		{A047AAD0-96F5-4E61-8FD8-6997632C628A}.Ad-Hoc|iPhoneSimulator.Build.0 = Ad-Hoc|iPhoneSimulator
		{A047AAD0-96F5-4E61-8FD8-6997632C628A}.Ad-Hoc|x64.ActiveCfg = Ad-Hoc|iPhone
		{A047AAD0-96F5-4E61-8FD8-6997632C628A}.Ad-Hoc|x86.ActiveCfg = Ad-Hoc|iPhone
		{A047AAD0-96F5-4E61-8FD8-6997632C628A}.AppStore|Any CPU.ActiveCfg = AppStore|iPhone
		{A047AAD0-96F5-4E61-8FD8-6997632C628A}.AppStore|ARM.ActiveCfg = AppStore|iPhone
		{A047AAD0-96F5-4E61-8FD8-6997632C628A}.AppStore|iPhone.ActiveCfg = AppStore|iPhone
		{A047AAD0-96F5-4E61-8FD8-6997632C628A}.AppStore|iPhone.Build.0 = AppStore|iPhone
		{A047AAD0-96F5-4E61-8FD8-6997632C628A}.AppStore|iPhoneSimulator.ActiveCfg = AppStore|iPhoneSimulator
		{A047AAD0-96F5-4E61-8FD8-6997632C628A}.AppStore|iPhoneSimulator.Build.0 = AppStore|iPhoneSimulator
		{A047AAD0-96F5-4E61-8FD8-6997632C628A}.AppStore|x64.ActiveCfg = AppStore|iPhone
		{A047AAD0-96F5-4E61-8FD8-6997632C628A}.AppStore|x86.ActiveCfg = AppStore|iPhone
		{A047AAD0-96F5-4E61-8FD8-6997632C628A}.Debug|Any CPU.ActiveCfg = Debug|iPhone
		{A047AAD0-96F5-4E61-8FD8-6997632C628A}.Debug|ARM.ActiveCfg = Debug|iPhone
		{A047AAD0-96F5-4E61-8FD8-6997632C628A}.Debug|iPhone.ActiveCfg = Debug|iPhone
		{A047AAD0-96F5-4E61-8FD8-6997632C628A}.Debug|iPhone.Build.0 = Debug|iPhone
		{A047AAD0-96F5-4E61-8FD8-6997632C628A}.Debug|iPhoneSimulator.ActiveCfg = Debug|iPhoneSimulator
		{A047AAD0-96F5-4E61-8FD8-6997632C628A}.Debug|iPhoneSimulator.Build.0 = Debug|iPhoneSimulator
		{A047AAD0-96F5-4E61-8FD8-6997632C628A}.Debug|x64.ActiveCfg = Debug|iPhone
		{A047AAD0-96F5-4E61-8FD8-6997632C628A}.Debug|x86.ActiveCfg = Debug|iPhone
		{A047AAD0-96F5-4E61-8FD8-6997632C628A}.Release|Any CPU.ActiveCfg = Release|iPhone
		{A047AAD0-96F5-4E61-8FD8-6997632C628A}.Release|ARM.ActiveCfg = Release|iPhone
		{A047AAD0-96F5-4E61-8FD8-6997632C628A}.Release|iPhone.ActiveCfg = Release|iPhone
		{A047AAD0-96F5-4E61-8FD8-6997632C628A}.Release|iPhone.Build.0 = Release|iPhone
		{A047AAD0-96F5-4E61-8FD8-6997632C628A}.Release|iPhoneSimulator.ActiveCfg = Release|iPhoneSimulator
		{A047AAD0-96F5-4E61-8FD8-6997632C628A}.Release|iPhoneSimulator.Build.0 = Release|iPhoneSimulator
		{A047AAD0-96F5-4E61-8FD8-6997632C628A}.Release|x64.ActiveCfg = Release|iPhone
		{A047AAD0-96F5-4E61-8FD8-6997632C628A}.Release|x86.ActiveCfg = Release|iPhone
	EndGlobalSection
	GlobalSection(SolutionProperties) = preSolution
		HideSolutionNode = FALSE
	EndGlobalSection
	GlobalSection(ExtensibilityGlobals) = postSolution
		SolutionGuid = {4D89B73B-9FDF-4267-A1E6-17DDDB4F977B}
	EndGlobalSection
EndGlobal
